
Microsoft Visual Studio Solution File, Format Version 12.00
# Visual Studio 2015
Project("{FAE04EC0-301F-11D3-BF4B-00C04F79EFBC}") = "JUEGO-VIRUS.CSharp", "JUEGO-VIRUS.CSharp.csproj", "{90E5D033-31F8-14A2-F5E3-EE1DFA9AADAC}"
EndProject
Global
	GlobalSection(SolutionConfigurationPlatforms) = preSolution
		Debug|Any CPU = Debug|Any CPU
		Release|Any CPU = Release|Any CPU
	EndGlobalSection
	GlobalSection(ProjectConfigurationPlatforms) = postSolution
		{90E5D033-31F8-14A2-F5E3-EE1DFA9AADAC}.Debug|Any CPU.ActiveCfg = Debug|Any CPU
		{90E5D033-31F8-14A2-F5E3-EE1DFA9AADAC}.Debug|Any CPU.Build.0 = Debug|Any CPU
		{90E5D033-31F8-14A2-F5E3-EE1DFA9AADAC}.Release|Any CPU.ActiveCfg = Release|Any CPU
		{90E5D033-31F8-14A2-F5E3-EE1DFA9AADAC}.Release|Any CPU.Build.0 = Release|Any CPU
	EndGlobalSection
	GlobalSection(SolutionProperties) = preSolution
		HideSolutionNode = FALSE
	EndGlobalSection
EndGlobal
